
Microsoft Visual Studio Solution File, Format Version 12.00
# Visual Studio Version 17
VisualStudioVersion = 17.0.31903.59
MinimumVisualStudioVersion = 10.0.40219.1
Project("{FAE04EC0-301F-11D3-BF4B-00C04F79EFBC}") = "EP", "EP.csproj", "{02BBFA77-C9D3-454F-8F43-5EB384E8A6D1}"
EndProject
Project("{8BC9CEB8-8B4A-11D0-8D11-00A0C91BC942}") = "EdidParser", "..\..\WP-VBT Parser\WhitePearl\src\Shared\Tools\EdidParser\EdidParser.vcxproj", "{688A5095-2C45-49FC-ADD8-4A28BDEFC2FB}"
EndProject
Global
	GlobalSection(SolutionConfigurationPlatforms) = preSolution
		Debug|Any CPU = Debug|Any CPU
		Debug|x64 = Debug|x64
		Debug|x86 = Debug|x86
		Release|Any CPU = Release|Any CPU
		Release|x64 = Release|x64
		Release|x86 = Release|x86
	EndGlobalSection
	GlobalSection(ProjectConfigurationPlatforms) = postSolution
		{02BBFA77-C9D3-454F-8F43-5EB384E8A6D1}.Debug|Any CPU.ActiveCfg = Debug|Any CPU
		{02BBFA77-C9D3-454F-8F43-5EB384E8A6D1}.Debug|Any CPU.Build.0 = Debug|Any CPU
		{02BBFA77-C9D3-454F-8F43-5EB384E8A6D1}.Debug|x64.ActiveCfg = Debug|Any CPU
		{02BBFA77-C9D3-454F-8F43-5EB384E8A6D1}.Debug|x64.Build.0 = Debug|Any CPU
		{02BBFA77-C9D3-454F-8F43-5EB384E8A6D1}.Debug|x86.ActiveCfg = Debug|Any CPU
		{02BBFA77-C9D3-454F-8F43-5EB384E8A6D1}.Debug|x86.Build.0 = Debug|Any CPU
		{02BBFA77-C9D3-454F-8F43-5EB384E8A6D1}.Release|Any CPU.ActiveCfg = Release|Any CPU
		{02BBFA77-C9D3-454F-8F43-5EB384E8A6D1}.Release|Any CPU.Build.0 = Release|Any CPU
		{02BBFA77-C9D3-454F-8F43-5EB384E8A6D1}.Release|x64.ActiveCfg = Release|Any CPU
		{02BBFA77-C9D3-454F-8F43-5EB384E8A6D1}.Release|x64.Build.0 = Release|Any CPU
		{02BBFA77-C9D3-454F-8F43-5EB384E8A6D1}.Release|x86.ActiveCfg = Release|Any CPU
		{02BBFA77-C9D3-454F-8F43-5EB384E8A6D1}.Release|x86.Build.0 = Release|Any CPU
		{688A5095-2C45-49FC-ADD8-4A28BDEFC2FB}.Debug|Any CPU.ActiveCfg = Debug|x64
		{688A5095-2C45-49FC-ADD8-4A28BDEFC2FB}.Debug|Any CPU.Build.0 = Debug|x64
		{688A5095-2C45-49FC-ADD8-4A28BDEFC2FB}.Debug|x64.ActiveCfg = Debug|x64
		{688A5095-2C45-49FC-ADD8-4A28BDEFC2FB}.Debug|x64.Build.0 = Debug|x64
		{688A5095-2C45-49FC-ADD8-4A28BDEFC2FB}.Debug|x86.ActiveCfg = Debug|Win32
		{688A5095-2C45-49FC-ADD8-4A28BDEFC2FB}.Debug|x86.Build.0 = Debug|Win32
		{688A5095-2C45-49FC-ADD8-4A28BDEFC2FB}.Release|Any CPU.ActiveCfg = Release|x64
		{688A5095-2C45-49FC-ADD8-4A28BDEFC2FB}.Release|Any CPU.Build.0 = Release|x64
		{688A5095-2C45-49FC-ADD8-4A28BDEFC2FB}.Release|x64.ActiveCfg = Release|x64
		{688A5095-2C45-49FC-ADD8-4A28BDEFC2FB}.Release|x64.Build.0 = Release|x64
		{688A5095-2C45-49FC-ADD8-4A28BDEFC2FB}.Release|x86.ActiveCfg = Release|Win32
		{688A5095-2C45-49FC-ADD8-4A28BDEFC2FB}.Release|x86.Build.0 = Release|Win32
	EndGlobalSection
	GlobalSection(SolutionProperties) = preSolution
		HideSolutionNode = FALSE
	EndGlobalSection
	GlobalSection(ExtensibilityGlobals) = postSolution
		SolutionGuid = {2EF30D1A-6128-4325-B239-79545E942BD8}
	EndGlobalSection
EndGlobal
